
Microsoft Visual Studio Solution File, Format Version 12.00
# Visual Studio Version 17
VisualStudioVersion = 17.11.35312.102
MinimumVisualStudioVersion = 10.0.40219.1
Project("{FAE04EC0-301F-11D3-BF4B-00C04F79EFBC}") = "ScheduleApplication", "ScheduleApplication\ScheduleApplication.csproj", "{C2C2A340-F909-47ED-A60F-C5485CE0CA53}"
EndProject
Global
	GlobalSection(SolutionConfigurationPlatforms) = preSolution
		Debug|Any CPU = Debug|Any CPU
		Release|Any CPU = Release|Any CPU
	EndGlobalSection
	GlobalSection(ProjectConfigurationPlatforms) = postSolution
		{C2C2A340-F909-47ED-A60F-C5485CE0CA53}.Debug|Any CPU.ActiveCfg = Debug|Any CPU
		{C2C2A340-F909-47ED-A60F-C5485CE0CA53}.Debug|Any CPU.Build.0 = Debug|Any CPU
		{C2C2A340-F909-47ED-A60F-C5485CE0CA53}.Release|Any CPU.ActiveCfg = Release|Any CPU
		{C2C2A340-F909-47ED-A60F-C5485CE0CA53}.Release|Any CPU.Build.0 = Release|Any CPU
	EndGlobalSection
	GlobalSection(SolutionProperties) = preSolution
		HideSolutionNode = FALSE
	EndGlobalSection
	GlobalSection(ExtensibilityGlobals) = postSolution
		SolutionGuid = {5E424240-64BF-4215-B3DD-F603EF2F9C50}
	EndGlobalSection
EndGlobal
